
Microsoft Visual Studio Solution File, Format Version 12.00
# Visual Studio Version 16
VisualStudioVersion = 16.0.30011.22
MinimumVisualStudioVersion = 10.0.40219.1
Project("{FAE04EC0-301F-11D3-BF4B-00C04F79EFBC}") = "Database_Test", "Database_Test.csproj", "{0143FFD6-82FB-43CE-992D-2DF08380461B}"
EndProject
Global
	GlobalSection(SolutionConfigurationPlatforms) = preSolution
		Debug|Any CPU = Debug|Any CPU
		Release|Any CPU = Release|Any CPU
	EndGlobalSection
	GlobalSection(ProjectConfigurationPlatforms) = postSolution
		{0143FFD6-82FB-43CE-992D-2DF08380461B}.Debug|Any CPU.ActiveCfg = Debug|Any CPU
		{0143FFD6-82FB-43CE-992D-2DF08380461B}.Debug|Any CPU.Build.0 = Debug|Any CPU
		{0143FFD6-82FB-43CE-992D-2DF08380461B}.Release|Any CPU.ActiveCfg = Release|Any CPU
		{0143FFD6-82FB-43CE-992D-2DF08380461B}.Release|Any CPU.Build.0 = Release|Any CPU
	EndGlobalSection
	GlobalSection(SolutionProperties) = preSolution
		HideSolutionNode = FALSE
	EndGlobalSection
	GlobalSection(ExtensibilityGlobals) = postSolution
		SolutionGuid = {07C513DA-8DC7-407A-8637-EBD02A50A0D3}
	EndGlobalSection
EndGlobal
